{
  "name": "matrix",
  "version": "1.0.0",
  "lockfileVersion": 3,
  "requires": true,
  "packages": {
    "": {
      "name": "matrix",
      "version": "1.0.0",
      "workspaces": [
        "Projects/booking-systems-category-09-batch-06-BUNDLE/booking-systems-category-09-batch-06/autobay-service-booking",
        "Projects/booking-systems-category-09-batch-06-BUNDLE/booking-systems-category-09-batch-06/beautybar-salon-booking",
        "Projects/booking-systems-category-09-batch-06-BUNDLE/booking-systems-category-09-batch-06/campmed-field-booking"
      ]
    }
  }
}
